
Microsoft Visual Studio Solution File, Format Version 12.00
# Visual Studio Version 17
VisualStudioVersion = 17.8.34322.80
MinimumVisualStudioVersion = 10.0.40219.1
Project("{9A19103F-16F7-4668-BE54-9A1E7A4F7556}") = "Event.Data", "Event.Data\Event.Data.csproj", "{678A24FA-D327-4AF9-B358-5EFDEFC5D2D4}"
EndProject
Project("{9A19103F-16F7-4668-BE54-9A1E7A4F7556}") = "Event.Business", "Event.Business\Event.Business.csproj", "{74843A86-1FCD-48CD-A5DF-8080D5946F13}"
EndProject
Project("{9A19103F-16F7-4668-BE54-9A1E7A4F7556}") = "Event.RazorWebApp", "Event.RazorWebApp\Event.RazorWebApp.csproj", "{ABA81A97-31C0-405A-B5DF-9B219037441A}"
EndProject
Project("{9A19103F-16F7-4668-BE54-9A1E7A4F7556}") = "Event.Common", "Event.Common\Event.Common.csproj", "{DB8A85B6-DBD0-4E5B-9B60-C4635146BBCD}"
EndProject
Project("{9A19103F-16F7-4668-BE54-9A1E7A4F7556}") = "Event.ConsoleApp", "Event.ConsoleApp\Event.ConsoleApp.csproj", "{6135D500-DF0B-4BFE-99D9-889C3FFB31CC}"
EndProject
Project("{FAE04EC0-301F-11D3-BF4B-00C04F79EFBC}") = "Event.WpfApp", "Event.WpfApp\Event.WpfApp.csproj", "{E10E3514-B305-4F01-ABF3-890EE625425D}"
EndProject
Global
	GlobalSection(SolutionConfigurationPlatforms) = preSolution
		Debug|Any CPU = Debug|Any CPU
		Release|Any CPU = Release|Any CPU
	EndGlobalSection
	GlobalSection(ProjectConfigurationPlatforms) = postSolution
		{678A24FA-D327-4AF9-B358-5EFDEFC5D2D4}.Debug|Any CPU.ActiveCfg = Debug|Any CPU
		{678A24FA-D327-4AF9-B358-5EFDEFC5D2D4}.Debug|Any CPU.Build.0 = Debug|Any CPU
		{678A24FA-D327-4AF9-B358-5EFDEFC5D2D4}.Release|Any CPU.ActiveCfg = Release|Any CPU
		{678A24FA-D327-4AF9-B358-5EFDEFC5D2D4}.Release|Any CPU.Build.0 = Release|Any CPU
		{74843A86-1FCD-48CD-A5DF-8080D5946F13}.Debug|Any CPU.ActiveCfg = Debug|Any CPU
		{74843A86-1FCD-48CD-A5DF-8080D5946F13}.Debug|Any CPU.Build.0 = Debug|Any CPU
		{74843A86-1FCD-48CD-A5DF-8080D5946F13}.Release|Any CPU.ActiveCfg = Release|Any CPU
		{74843A86-1FCD-48CD-A5DF-8080D5946F13}.Release|Any CPU.Build.0 = Release|Any CPU
		{ABA81A97-31C0-405A-B5DF-9B219037441A}.Debug|Any CPU.ActiveCfg = Debug|Any CPU
		{ABA81A97-31C0-405A-B5DF-9B219037441A}.Debug|Any CPU.Build.0 = Debug|Any CPU
		{ABA81A97-31C0-405A-B5DF-9B219037441A}.Release|Any CPU.ActiveCfg = Release|Any CPU
		{ABA81A97-31C0-405A-B5DF-9B219037441A}.Release|Any CPU.Build.0 = Release|Any CPU
		{DB8A85B6-DBD0-4E5B-9B60-C4635146BBCD}.Debug|Any CPU.ActiveCfg = Debug|Any CPU
		{DB8A85B6-DBD0-4E5B-9B60-C4635146BBCD}.Debug|Any CPU.Build.0 = Debug|Any CPU
		{DB8A85B6-DBD0-4E5B-9B60-C4635146BBCD}.Release|Any CPU.ActiveCfg = Release|Any CPU
		{DB8A85B6-DBD0-4E5B-9B60-C4635146BBCD}.Release|Any CPU.Build.0 = Release|Any CPU
		{6135D500-DF0B-4BFE-99D9-889C3FFB31CC}.Debug|Any CPU.ActiveCfg = Debug|Any CPU
		{6135D500-DF0B-4BFE-99D9-889C3FFB31CC}.Debug|Any CPU.Build.0 = Debug|Any CPU
		{6135D500-DF0B-4BFE-99D9-889C3FFB31CC}.Release|Any CPU.ActiveCfg = Release|Any CPU
		{6135D500-DF0B-4BFE-99D9-889C3FFB31CC}.Release|Any CPU.Build.0 = Release|Any CPU
		{E10E3514-B305-4F01-ABF3-890EE625425D}.Debug|Any CPU.ActiveCfg = Debug|Any CPU
		{E10E3514-B305-4F01-ABF3-890EE625425D}.Debug|Any CPU.Build.0 = Debug|Any CPU
		{E10E3514-B305-4F01-ABF3-890EE625425D}.Release|Any CPU.ActiveCfg = Release|Any CPU
		{E10E3514-B305-4F01-ABF3-890EE625425D}.Release|Any CPU.Build.0 = Release|Any CPU
	EndGlobalSection
	GlobalSection(SolutionProperties) = preSolution
		HideSolutionNode = FALSE
	EndGlobalSection
	GlobalSection(ExtensibilityGlobals) = postSolution
		SolutionGuid = {0FBF738E-1594-44D8-9E98-D5AB734B2B2A}
	EndGlobalSection
EndGlobal
